
Microsoft Visual Studio Solution File, Format Version 12.00
# Visual Studio Version 17
VisualStudioVersion = 17.0.32014.148
MinimumVisualStudioVersion = 10.0.40219.1
Project("{FAE04EC0-301F-11D3-BF4B-00C04F79EFBC}") = "FluentSpeaker.UWP", "FluentSpeaker\FluentSpeaker.UWP\FluentSpeaker.UWP.csproj", "{D1A9A760-587F-4891-B3F8-37395926C316}"
EndProject
Project("{FAE04EC0-301F-11D3-BF4B-00C04F79EFBC}") = "FluentSpeaker.Android", "FluentSpeaker\FluentSpeaker.Android\FluentSpeaker.Android.csproj", "{4C1172DE-666F-4301-88A4-1A6D0F0C40EF}"
EndProject
Project("{FAE04EC0-301F-11D3-BF4B-00C04F79EFBC}") = "FluentSpeaker.iOS", "FluentSpeaker\FluentSpeaker.iOS\FluentSpeaker.iOS.csproj", "{4A63794C-5CFE-4FFC-89AB-EFC48A00C03E}"
EndProject
Project("{FAE04EC0-301F-11D3-BF4B-00C04F79EFBC}") = "FluentSpeaker", "FluentSpeaker\FluentSpeaker\FluentSpeaker.csproj", "{E4C7E9EF-9F74-487F-B6F8-097DD38574A0}"
EndProject
Global
	GlobalSection(SolutionConfigurationPlatforms) = preSolution
		Debug|Any CPU = Debug|Any CPU
		Debug|ARM = Debug|ARM
		Debug|iPhone = Debug|iPhone
		Debug|iPhoneSimulator = Debug|iPhoneSimulator
		Debug|x64 = Debug|x64
		Debug|x86 = Debug|x86
		Release|Any CPU = Release|Any CPU
		Release|ARM = Release|ARM
		Release|iPhone = Release|iPhone
		Release|iPhoneSimulator = Release|iPhoneSimulator
		Release|x64 = Release|x64
		Release|x86 = Release|x86
	EndGlobalSection
	GlobalSection(ProjectConfigurationPlatforms) = postSolution
		{D1A9A760-587F-4891-B3F8-37395926C316}.Debug|Any CPU.ActiveCfg = Debug|x64
		{D1A9A760-587F-4891-B3F8-37395926C316}.Debug|Any CPU.Build.0 = Debug|x64
		{D1A9A760-587F-4891-B3F8-37395926C316}.Debug|Any CPU.Deploy.0 = Debug|x64
		{D1A9A760-587F-4891-B3F8-37395926C316}.Debug|ARM.ActiveCfg = Debug|ARM
		{D1A9A760-587F-4891-B3F8-37395926C316}.Debug|ARM.Build.0 = Debug|ARM
		{D1A9A760-587F-4891-B3F8-37395926C316}.Debug|ARM.Deploy.0 = Debug|ARM
		{D1A9A760-587F-4891-B3F8-37395926C316}.Debug|iPhone.ActiveCfg = Debug|x64
		{D1A9A760-587F-4891-B3F8-37395926C316}.Debug|iPhone.Build.0 = Debug|x64
		{D1A9A760-587F-4891-B3F8-37395926C316}.Debug|iPhone.Deploy.0 = Debug|x64
		{D1A9A760-587F-4891-B3F8-37395926C316}.Debug|iPhoneSimulator.ActiveCfg = Debug|x64
		{D1A9A760-587F-4891-B3F8-37395926C316}.Debug|iPhoneSimulator.Build.0 = Debug|x64
		{D1A9A760-587F-4891-B3F8-37395926C316}.Debug|iPhoneSimulator.Deploy.0 = Debug|x64
		{D1A9A760-587F-4891-B3F8-37395926C316}.Debug|x64.ActiveCfg = Debug|x64
		{D1A9A760-587F-4891-B3F8-37395926C316}.Debug|x64.Build.0 = Debug|x64
		{D1A9A760-587F-4891-B3F8-37395926C316}.Debug|x64.Deploy.0 = Debug|x64
		{D1A9A760-587F-4891-B3F8-37395926C316}.Debug|x86.ActiveCfg = Debug|x86
		{D1A9A760-587F-4891-B3F8-37395926C316}.Debug|x86.Build.0 = Debug|x86
		{D1A9A760-587F-4891-B3F8-37395926C316}.Debug|x86.Deploy.0 = Debug|x86
		{D1A9A760-587F-4891-B3F8-37395926C316}.Release|Any CPU.ActiveCfg = Release|x64
		{D1A9A760-587F-4891-B3F8-37395926C316}.Release|Any CPU.Build.0 = Release|x64
		{D1A9A760-587F-4891-B3F8-37395926C316}.Release|Any CPU.Deploy.0 = Release|x64
		{D1A9A760-587F-4891-B3F8-37395926C316}.Release|ARM.ActiveCfg = Release|ARM
		{D1A9A760-587F-4891-B3F8-37395926C316}.Release|ARM.Build.0 = Release|ARM
		{D1A9A760-587F-4891-B3F8-37395926C316}.Release|ARM.Deploy.0 = Release|ARM
		{D1A9A760-587F-4891-B3F8-37395926C316}.Release|iPhone.ActiveCfg = Release|x64
		{D1A9A760-587F-4891-B3F8-37395926C316}.Release|iPhone.Build.0 = Release|x64
		{D1A9A760-587F-4891-B3F8-37395926C316}.Release|iPhone.Deploy.0 = Release|x64
		{D1A9A760-587F-4891-B3F8-37395926C316}.Release|iPhoneSimulator.ActiveCfg = Release|x64
		{D1A9A760-587F-4891-B3F8-37395926C316}.Release|iPhoneSimulator.Build.0 = Release|x64
		{D1A9A760-587F-4891-B3F8-37395926C316}.Release|iPhoneSimulator.Deploy.0 = Release|x64
		{D1A9A760-587F-4891-B3F8-37395926C316}.Release|x64.ActiveCfg = Release|x64
		{D1A9A760-587F-4891-B3F8-37395926C316}.Release|x64.Build.0 = Release|x64
		{D1A9A760-587F-4891-B3F8-37395926C316}.Release|x64.Deploy.0 = Release|x64
		{D1A9A760-587F-4891-B3F8-37395926C316}.Release|x86.ActiveCfg = Release|x86
		{D1A9A760-587F-4891-B3F8-37395926C316}.Release|x86.Build.0 = Release|x86
		{D1A9A760-587F-4891-B3F8-37395926C316}.Release|x86.Deploy.0 = Release|x86
		{4C1172DE-666F-4301-88A4-1A6D0F0C40EF}.Debug|Any CPU.ActiveCfg = Debug|Any CPU
		{4C1172DE-666F-4301-88A4-1A6D0F0C40EF}.Debug|Any CPU.Build.0 = Debug|Any CPU
		{4C1172DE-666F-4301-88A4-1A6D0F0C40EF}.Debug|Any CPU.Deploy.0 = Debug|Any CPU
		{4C1172DE-666F-4301-88A4-1A6D0F0C40EF}.Debug|ARM.ActiveCfg = Debug|Any CPU
		{4C1172DE-666F-4301-88A4-1A6D0F0C40EF}.Debug|ARM.Build.0 = Debug|Any CPU
		{4C1172DE-666F-4301-88A4-1A6D0F0C40EF}.Debug|ARM.Deploy.0 = Debug|Any CPU
		{4C1172DE-666F-4301-88A4-1A6D0F0C40EF}.Debug|iPhone.ActiveCfg = Debug|Any CPU
		{4C1172DE-666F-4301-88A4-1A6D0F0C40EF}.Debug|iPhone.Build.0 = Debug|Any CPU
		{4C1172DE-666F-4301-88A4-1A6D0F0C40EF}.Debug|iPhone.Deploy.0 = Debug|Any CPU
		{4C1172DE-666F-4301-88A4-1A6D0F0C40EF}.Debug|iPhoneSimulator.ActiveCfg = Debug|Any CPU
		{4C1172DE-666F-4301-88A4-1A6D0F0C40EF}.Debug|iPhoneSimulator.Build.0 = Debug|Any CPU
		{4C1172DE-666F-4301-88A4-1A6D0F0C40EF}.Debug|iPhoneSimulator.Deploy.0 = Debug|Any CPU
		{4C1172DE-666F-4301-88A4-1A6D0F0C40EF}.Debug|x64.ActiveCfg = Debug|Any CPU
		{4C1172DE-666F-4301-88A4-1A6D0F0C40EF}.Debug|x64.Build.0 = Debug|Any CPU
		{4C1172DE-666F-4301-88A4-1A6D0F0C40EF}.Debug|x64.Deploy.0 = Debug|Any CPU
		{4C1172DE-666F-4301-88A4-1A6D0F0C40EF}.Debug|x86.ActiveCfg = Debug|Any CPU
		{4C1172DE-666F-4301-88A4-1A6D0F0C40EF}.Debug|x86.Build.0 = Debug|Any CPU
		{4C1172DE-666F-4301-88A4-1A6D0F0C40EF}.Debug|x86.Deploy.0 = Debug|Any CPU
		{4C1172DE-666F-4301-88A4-1A6D0F0C40EF}.Release|Any CPU.ActiveCfg = Release|Any CPU
		{4C1172DE-666F-4301-88A4-1A6D0F0C40EF}.Release|Any CPU.Build.0 = Release|Any CPU
		{4C1172DE-666F-4301-88A4-1A6D0F0C40EF}.Release|Any CPU.Deploy.0 = Release|Any CPU
		{4C1172DE-666F-4301-88A4-1A6D0F0C40EF}.Release|ARM.ActiveCfg = Release|Any CPU
		{4C1172DE-666F-4301-88A4-1A6D0F0C40EF}.Release|ARM.Build.0 = Release|Any CPU
		{4C1172DE-666F-4301-88A4-1A6D0F0C40EF}.Release|ARM.Deploy.0 = Release|Any CPU
		{4C1172DE-666F-4301-88A4-1A6D0F0C40EF}.Release|iPhone.ActiveCfg = Release|Any CPU
		{4C1172DE-666F-4301-88A4-1A6D0F0C40EF}.Release|iPhone.Build.0 = Release|Any CPU
		{4C1172DE-666F-4301-88A4-1A6D0F0C40EF}.Release|iPhone.Deploy.0 = Release|Any CPU
		{4C1172DE-666F-4301-88A4-1A6D0F0C40EF}.Release|iPhoneSimulator.ActiveCfg = Release|Any CPU
		{4C1172DE-666F-4301-88A4-1A6D0F0C40EF}.Release|iPhoneSimulator.Build.0 = Release|Any CPU
		{4C1172DE-666F-4301-88A4-1A6D0F0C40EF}.Release|iPhoneSimulator.Deploy.0 = Release|Any CPU
		{4C1172DE-666F-4301-88A4-1A6D0F0C40EF}.Release|x64.ActiveCfg = Release|Any CPU
		{4C1172DE-666F-4301-88A4-1A6D0F0C40EF}.Release|x64.Build.0 = Release|Any CPU
		{4C1172DE-666F-4301-88A4-1A6D0F0C40EF}.Release|x64.Deploy.0 = Release|Any CPU
		{4C1172DE-666F-4301-88A4-1A6D0F0C40EF}.Release|x86.ActiveCfg = Release|Any CPU
		{4C1172DE-666F-4301-88A4-1A6D0F0C40EF}.Release|x86.Build.0 = Release|Any CPU
		{4C1172DE-666F-4301-88A4-1A6D0F0C40EF}.Release|x86.Deploy.0 = Release|Any CPU
		{4A63794C-5CFE-4FFC-89AB-EFC48A00C03E}.Debug|Any CPU.ActiveCfg = Debug|iPhoneSimulator
		{4A63794C-5CFE-4FFC-89AB-EFC48A00C03E}.Debug|Any CPU.Build.0 = Debug|iPhoneSimulator
		{4A63794C-5CFE-4FFC-89AB-EFC48A00C03E}.Debug|Any CPU.Deploy.0 = Debug|iPhoneSimulator
		{4A63794C-5CFE-4FFC-89AB-EFC48A00C03E}.Debug|ARM.ActiveCfg = Debug|iPhoneSimulator
		{4A63794C-5CFE-4FFC-89AB-EFC48A00C03E}.Debug|ARM.Build.0 = Debug|iPhoneSimulator
		{4A63794C-5CFE-4FFC-89AB-EFC48A00C03E}.Debug|ARM.Deploy.0 = Debug|iPhoneSimulator
		{4A63794C-5CFE-4FFC-89AB-EFC48A00C03E}.Debug|iPhone.ActiveCfg = Debug|iPhone
		{4A63794C-5CFE-4FFC-89AB-EFC48A00C03E}.Debug|iPhone.Build.0 = Debug|iPhone
		{4A63794C-5CFE-4FFC-89AB-EFC48A00C03E}.Debug|iPhone.Deploy.0 = Debug|iPhone
		{4A63794C-5CFE-4FFC-89AB-EFC48A00C03E}.Debug|iPhoneSimulator.ActiveCfg = Debug|iPhoneSimulator
		{4A63794C-5CFE-4FFC-89AB-EFC48A00C03E}.Debug|iPhoneSimulator.Build.0 = Debug|iPhoneSimulator
		{4A63794C-5CFE-4FFC-89AB-EFC48A00C03E}.Debug|iPhoneSimulator.Deploy.0 = Debug|iPhoneSimulator
		{4A63794C-5CFE-4FFC-89AB-EFC48A00C03E}.Debug|x64.ActiveCfg = Debug|iPhone
		{4A63794C-5CFE-4FFC-89AB-EFC48A00C03E}.Debug|x64.Build.0 = Debug|iPhone
		{4A63794C-5CFE-4FFC-89AB-EFC48A00C03E}.Debug|x64.Deploy.0 = Debug|iPhone
		{4A63794C-5CFE-4FFC-89AB-EFC48A00C03E}.Debug|x86.ActiveCfg = Debug|iPhoneSimulator
		{4A63794C-5CFE-4FFC-89AB-EFC48A00C03E}.Debug|x86.Build.0 = Debug|iPhoneSimulator
		{4A63794C-5CFE-4FFC-89AB-EFC48A00C03E}.Debug|x86.Deploy.0 = Debug|iPhoneSimulator
		{4A63794C-5CFE-4FFC-89AB-EFC48A00C03E}.Release|Any CPU.ActiveCfg = Release|iPhoneSimulator
		{4A63794C-5CFE-4FFC-89AB-EFC48A00C03E}.Release|Any CPU.Build.0 = Release|iPhoneSimulator
		{4A63794C-5CFE-4FFC-89AB-EFC48A00C03E}.Release|Any CPU.Deploy.0 = Release|iPhoneSimulator
		{4A63794C-5CFE-4FFC-89AB-EFC48A00C03E}.Release|ARM.ActiveCfg = Release|iPhoneSimulator
		{4A63794C-5CFE-4FFC-89AB-EFC48A00C03E}.Release|ARM.Build.0 = Release|iPhoneSimulator
		{4A63794C-5CFE-4FFC-89AB-EFC48A00C03E}.Release|ARM.Deploy.0 = Release|iPhoneSimulator
		{4A63794C-5CFE-4FFC-89AB-EFC48A00C03E}.Release|iPhone.ActiveCfg = Release|iPhone
		{4A63794C-5CFE-4FFC-89AB-EFC48A00C03E}.Release|iPhone.Build.0 = Release|iPhone
		{4A63794C-5CFE-4FFC-89AB-EFC48A00C03E}.Release|iPhone.Deploy.0 = Release|iPhone
		{4A63794C-5CFE-4FFC-89AB-EFC48A00C03E}.Release|iPhoneSimulator.ActiveCfg = Release|iPhoneSimulator
		{4A63794C-5CFE-4FFC-89AB-EFC48A00C03E}.Release|iPhoneSimulator.Build.0 = Release|iPhoneSimulator
		{4A63794C-5CFE-4FFC-89AB-EFC48A00C03E}.Release|iPhoneSimulator.Deploy.0 = Release|iPhoneSimulator
		{4A63794C-5CFE-4FFC-89AB-EFC48A00C03E}.Release|x64.ActiveCfg = Release|iPhoneSimulator
		{4A63794C-5CFE-4FFC-89AB-EFC48A00C03E}.Release|x64.Build.0 = Release|iPhoneSimulator
		{4A63794C-5CFE-4FFC-89AB-EFC48A00C03E}.Release|x64.Deploy.0 = Release|iPhoneSimulator
		{4A63794C-5CFE-4FFC-89AB-EFC48A00C03E}.Release|x86.ActiveCfg = Release|iPhoneSimulator
		{4A63794C-5CFE-4FFC-89AB-EFC48A00C03E}.Release|x86.Build.0 = Release|iPhoneSimulator
		{4A63794C-5CFE-4FFC-89AB-EFC48A00C03E}.Release|x86.Deploy.0 = Release|iPhoneSimulator
		{E4C7E9EF-9F74-487F-B6F8-097DD38574A0}.Debug|Any CPU.ActiveCfg = Debug|Any CPU
		{E4C7E9EF-9F74-487F-B6F8-097DD38574A0}.Debug|Any CPU.Build.0 = Debug|Any CPU
		{E4C7E9EF-9F74-487F-B6F8-097DD38574A0}.Debug|Any CPU.Deploy.0 = Debug|Any CPU
		{E4C7E9EF-9F74-487F-B6F8-097DD38574A0}.Debug|ARM.ActiveCfg = Debug|Any CPU
		{E4C7E9EF-9F74-487F-B6F8-097DD38574A0}.Debug|ARM.Build.0 = Debug|Any CPU
		{E4C7E9EF-9F74-487F-B6F8-097DD38574A0}.Debug|ARM.Deploy.0 = Debug|Any CPU
		{E4C7E9EF-9F74-487F-B6F8-097DD38574A0}.Debug|iPhone.ActiveCfg = Debug|Any CPU
		{E4C7E9EF-9F74-487F-B6F8-097DD38574A0}.Debug|iPhone.Build.0 = Debug|Any CPU
		{E4C7E9EF-9F74-487F-B6F8-097DD38574A0}.Debug|iPhone.Deploy.0 = Debug|Any CPU
		{E4C7E9EF-9F74-487F-B6F8-097DD38574A0}.Debug|iPhoneSimulator.ActiveCfg = Debug|Any CPU
		{E4C7E9EF-9F74-487F-B6F8-097DD38574A0}.Debug|iPhoneSimulator.Build.0 = Debug|Any CPU
		{E4C7E9EF-9F74-487F-B6F8-097DD38574A0}.Debug|iPhoneSimulator.Deploy.0 = Debug|Any CPU
		{E4C7E9EF-9F74-487F-B6F8-097DD38574A0}.Debug|x64.ActiveCfg = Debug|Any CPU
		{E4C7E9EF-9F74-487F-B6F8-097DD38574A0}.Debug|x64.Build.0 = Debug|Any CPU
		{E4C7E9EF-9F74-487F-B6F8-097DD38574A0}.Debug|x64.Deploy.0 = Debug|Any CPU
		{E4C7E9EF-9F74-487F-B6F8-097DD38574A0}.Debug|x86.ActiveCfg = Debug|Any CPU
		{E4C7E9EF-9F74-487F-B6F8-097DD38574A0}.Debug|x86.Build.0 = Debug|Any CPU
		{E4C7E9EF-9F74-487F-B6F8-097DD38574A0}.Debug|x86.Deploy.0 = Debug|Any CPU
		{E4C7E9EF-9F74-487F-B6F8-097DD38574A0}.Release|Any CPU.ActiveCfg = Release|Any CPU
		{E4C7E9EF-9F74-487F-B6F8-097DD38574A0}.Release|Any CPU.Build.0 = Release|Any CPU
		{E4C7E9EF-9F74-487F-B6F8-097DD38574A0}.Release|Any CPU.Deploy.0 = Release|Any CPU
		{E4C7E9EF-9F74-487F-B6F8-097DD38574A0}.Release|ARM.ActiveCfg = Release|Any CPU
		{E4C7E9EF-9F74-487F-B6F8-097DD38574A0}.Release|ARM.Build.0 = Release|Any CPU
		{E4C7E9EF-9F74-487F-B6F8-097DD38574A0}.Release|ARM.Deploy.0 = Release|Any CPU
		{E4C7E9EF-9F74-487F-B6F8-097DD38574A0}.Release|iPhone.ActiveCfg = Release|Any CPU
		{E4C7E9EF-9F74-487F-B6F8-097DD38574A0}.Release|iPhone.Build.0 = Release|Any CPU
		{E4C7E9EF-9F74-487F-B6F8-097DD38574A0}.Release|iPhone.Deploy.0 = Release|Any CPU
		{E4C7E9EF-9F74-487F-B6F8-097DD38574A0}.Release|iPhoneSimulator.ActiveCfg = Release|Any CPU
		{E4C7E9EF-9F74-487F-B6F8-097DD38574A0}.Release|iPhoneSimulator.Build.0 = Release|Any CPU
		{E4C7E9EF-9F74-487F-B6F8-097DD38574A0}.Release|iPhoneSimulator.Deploy.0 = Release|Any CPU
		{E4C7E9EF-9F74-487F-B6F8-097DD38574A0}.Release|x64.ActiveCfg = Release|Any CPU
		{E4C7E9EF-9F74-487F-B6F8-097DD38574A0}.Release|x64.Build.0 = Release|Any CPU
		{E4C7E9EF-9F74-487F-B6F8-097DD38574A0}.Release|x64.Deploy.0 = Release|Any CPU
		{E4C7E9EF-9F74-487F-B6F8-097DD38574A0}.Release|x86.ActiveCfg = Release|Any CPU
		{E4C7E9EF-9F74-487F-B6F8-097DD38574A0}.Release|x86.Build.0 = Release|Any CPU
		{E4C7E9EF-9F74-487F-B6F8-097DD38574A0}.Release|x86.Deploy.0 = Release|Any CPU
	EndGlobalSection
	GlobalSection(SolutionProperties) = preSolution
		HideSolutionNode = FALSE
	EndGlobalSection
	GlobalSection(ExtensibilityGlobals) = postSolution
		SolutionGuid = {65E3CF8E-979A-4CB0-9F84-DB4E9DA49905}
	EndGlobalSection
EndGlobal
